// !$*UTF8*$!
{
	archiveVersion = 1;
	classes = {
	};
	objectVersion = 46;
	objects = {

/* Begin PBXBuildFile section */
		85CE425C1BC61FE900741B59 /* main.m in Sources */ = {isa = PBXBuildFile; fileRef = 85CE425B1BC61FE900741B59 /* main.m */; };
		85CE425F1BC61FE900741B59 /* AppDelegate.m in Sources */ = {isa = PBXBuildFile; fileRef = 85CE425E1BC61FE900741B59 /* AppDelegate.m */; };
		85CE42621BC61FE900741B59 /* ViewController.m in Sources */ = {isa = PBXBuildFile; fileRef = 85CE42611BC61FE900741B59 /* ViewController.m */; };
		85CE42651BC61FE900741B59 /* Main.storyboard in Resources */ = {isa = PBXBuildFile; fileRef = 85CE42631BC61FE900741B59 /* Main.storyboard */; };
		85CE42671BC61FE900741B59 /* Images.xcassets in Resources */ = {isa = PBXBuildFile; fileRef = 85CE42661BC61FE900741B59 /* Images.xcassets */; };
		85CE426A1BC61FE900741B59 /* LaunchScreen.xib in Resources */ = {isa = PBXBuildFile; fileRef = 85CE42681BC61FE900741B59 /* LaunchScreen.xib */; };
		85CE42761BC61FE900741B59 /* Down02_GitServerTests.m in Sources */ = {isa = PBXBuildFile; fileRef = 85CE42751BC61FE900741B59 /* Down02_GitServerTests.m */; };
/* End PBXBuildFile section */

/* Begin PBXContainerItemProxy section */
		85CE42701BC61FE900741B59 /* PBXContainerItemProxy */ = {
			isa = PBXContainerItemProxy;
			containerPortal = 85CE424E1BC61FE800741B59 /* Project object */;
			proxyType = 1;
			remoteGlobalIDString = 85CE42551BC61FE900741B59;
			remoteInfo = "Down02-GitServer";
		};
/* End PBXContainerItemProxy section */

/* Begin PBXFileReference section */
		85CE42561BC61FE900741B59 /* Down02-GitServer.app */ = {isa = PBXFileReference; explicitFileType = wrapper.application; includeInIndex = 0; path = "Down02-GitServer.app"; sourceTree = BUILT_PRODUCTS_DIR; };
		85CE425A1BC61FE900741B59 /* Info.plist */ = {isa = PBXFileReference; lastKnownFileType = text.plist.xml; path = Info.plist; sourceTree = "<group>"; };
		85CE425B1BC61FE900741B59 /* main.m */ = {isa = PBXFileReference; lastKnownFileType = sourcecode.c.objc; path = main.m; sourceTree = "<group>"; };
		85CE425D1BC61FE900741B59 /* AppDelegate.h */ = {isa = PBXFileReference; lastKnownFileType = sourcecode.c.h; path = AppDelegate.h; sourceTree = "<group>"; };
		85CE425E1BC61FE900741B59 /* AppDelegate.m */ = {isa = PBXFileReference; lastKnownFileType = sourcecode.c.objc; path = AppDelegate.m; sourceTree = "<group>"; };
		85CE42601BC61FE900741B59 /* ViewController.h */ = {isa = PBXFileReference; lastKnownFileType = sourcecode.c.h; path = ViewController.h; sourceTree = "<group>"; };
		85CE42611BC61FE900741B59 /* ViewController.m */ = {isa = PBXFileReference; lastKnownFileType = sourcecode.c.objc; path = ViewController.m; sourceTree = "<group>"; };
		85CE42641BC61FE900741B59 /* Base */ = {isa = PBXFileReference; lastKnownFileType = file.storyboard; name = Base; path = Base.lproj/Main.storyboard; sourceTree = "<group>"; };
		85CE42661BC61FE900741B59 /* Images.xcassets */ = {isa = PBXFileReference; lastKnownFileType = folder.assetcatalog; path = Images.xcassets; sourceTree = "<group>"; };
		85CE42691BC61FE900741B59 /* Base */ = {isa = PBXFileReference; lastKnownFileType = file.xib; name = Base; path = Base.lproj/LaunchScreen.xib; sourceTree = "<group>"; };
		85CE426F1BC61FE900741B59 /* Down02-GitServerTests.xctest */ = {isa = PBXFileReference; explicitFileType = wrapper.cfbundle; includeInIndex = 0; path = "Down02-GitServerTests.xctest"; sourceTree = BUILT_PRODUCTS_DIR; };
		85CE42741BC61FE900741B59 /* Info.plist */ = {isa = PBXFileReference; lastKnownFileType = text.plist.xml; path = Info.plist; sourceTree = "<group>"; };
		85CE42751BC61FE900741B59 /* Down02_GitServerTests.m */ = {isa = PBXFileReference; lastKnownFileType = sourcecode.c.objc; path = Down02_GitServerTests.m; sourceTree = "<group>"; };
/* End PBXFileReference section */

/* Begin PBXFrameworksBuildPhase section */
		85CE42531BC61FE900741B59 /* Frameworks */ = {
			isa = PBXFrameworksBuildPhase;
			buildActionMask = 2147483647;
			files = (
			);
			runOnlyForDeploymentPostprocessing = 0;
		};
		85CE426C1BC61FE900741B59 /* Frameworks */ = {
			isa = PBXFrameworksBuildPhase;
			buildActionMask = 2147483647;
			files = (
			);
			runOnlyForDeploymentPostprocessing = 0;
		};
/* End PBXFrameworksBuildPhase section */

/* Begin PBXGroup section */
		85CE424D1BC61FE800741B59 = {
			isa = PBXGroup;
			children = (
				85CE42581BC61FE900741B59 /* Down02-GitServer */,
				85CE42721BC61FE900741B59 /* Down02-GitServerTests */,
				85CE42571BC61FE900741B59 /* Products */,
			);
			sourceTree = "<group>";
		};
		85CE42571BC61FE900741B59 /* Products */ = {
			isa = PBXGroup;
			children = (
				85CE42561BC61FE900741B59 /* Down02-GitServer.app */,
				85CE426F1BC61FE900741B59 /* Down02-GitServerTests.xctest */,
			);
			name = Products;
			sourceTree = "<group>";
		};
		85CE42581BC61FE900741B59 /* Down02-GitServer */ = {
			isa = PBXGroup;
			children = (
				85CE425D1BC61FE900741B59 /* AppDelegate.h */,
				85CE425E1BC61FE900741B59 /* AppDelegate.m */,
				85CE42601BC61FE900741B59 /* ViewController.h */,
				85CE42611BC61FE900741B59 /* ViewController.m */,
				85CE42631BC61FE900741B59 /* Main.storyboard */,
				85CE42661BC61FE900741B59 /* Images.xcassets */,
				85CE42681BC61FE900741B59 /* LaunchScreen.xib */,
				85CE42591BC61FE900741B59 /* Supporting Files */,
			);
			path = "Down02-GitServer";
			sourceTree = "<group>";
		};
		85CE42591BC61FE900741B59 /* Supporting Files */ = {
			isa = PBXGroup;
			children = (
				85CE425A1BC61FE900741B59 /* Info.plist */,
				85CE425B1BC61FE900741B59 /* main.m */,
			);
			name = "Supporting Files";
			sourceTree = "<group>";
		};
		85CE42721BC61FE900741B59 /* Down02-GitServerTests */ = {
			isa = PBXGroup;
			children = (
				85CE42751BC61FE900741B59 /* Down02_GitServerTests.m */,
				85CE42731BC61FE900741B59 /* Supporting Files */,
			);
			path = "Down02-GitServerTests";
			sourceTree = "<group>";
		};
		85CE42731BC61FE900741B59 /* Supporting Files */ = {
			isa = PBXGroup;
			children = (
				85CE42741BC61FE900741B59 /* Info.plist */,
			);
			name = "Supporting Files";
			sourceTree = "<group>";
		};
/* End PBXGroup section */

/* Begin PBXNativeTarget section */
		85CE42551BC61FE900741B59 /* Down02-GitServer */ = {
			isa = PBXNativeTarget;
			buildConfigurationList = 85CE42791BC61FE900741B59 /* Build configuration list for PBXNativeTarget "Down02-GitServer" */;
			buildPhases = (
				85CE42521BC61FE900741B59 /* Sources */,
				85CE42531BC61FE900741B59 /* Frameworks */,
				85CE42541BC61FE900741B59 /* Resources */,
			);
			buildRules = (
			);
			dependencies = (
			);
			name = "Down02-GitServer";
			productName = "Down02-GitServer";
			productReference = 85CE42561BC61FE900741B59 /* Down02-GitServer.app */;
			productType = "com.apple.product-type.application";
		};
		85CE426E1BC61FE900741B59 /* Down02-GitServerTests */ = {
			isa = PBXNativeTarget;
			buildConfigurationList = 85CE427C1BC61FE900741B59 /* Build configuration list for PBXNativeTarget "Down02-GitServerTests" */;
			buildPhases = (
				85CE426B1BC61FE900741B59 /* Sources */,
				85CE426C1BC61FE900741B59 /* Frameworks */,
				85CE426D1BC61FE900741B59 /* Resources */,
			);
			buildRules = (
			);
			dependencies = (
				85CE42711BC61FE900741B59 /* PBXTargetDependency */,
			);
			name = "Down02-GitServerTests";
			productName = "Down02-GitServerTests";
			productReference = 85CE426F1BC61FE900741B59 /* Down02-GitServerTests.xctest */;
			productType = "com.apple.product-type.bundle.unit-test";
		};
/* End PBXNativeTarget section */

/* Begin PBXProject section */
		85CE424E1BC61FE800741B59 /* Project object */ = {
			isa = PBXProject;
			attributes = {
				LastUpgradeCheck = 0630;
				ORGANIZATIONNAME = "___tarena___";
				TargetAttributes = {
					85CE42551BC61FE900741B59 = {
						CreatedOnToolsVersion = 6.3;
					};
					85CE426E1BC61FE900741B59 = {
						CreatedOnToolsVersion = 6.3;
						TestTargetID = 85CE42551BC61FE900741B59;
					};
				};
			};
			buildConfigurationList = 85CE42511BC61FE800741B59 /* Build configuration list for PBXProject "Down02-GitServer" */;
			compatibilityVersion = "Xcode 3.2";
			developmentRegion = English;
			hasScannedForEncodings = 0;
			knownRegions = (
				en,
				Base,
			);
			mainGroup = 85CE424D1BC61FE800741B59;
			productRefGroup = 85CE42571BC61FE900741B59 /* Products */;
			projectDirPath = "";
			projectRoot = "";
			targets = (
				85CE42551BC61FE900741B59 /* Down02-GitServer */,
				85CE426E1BC61FE900741B59 /* Down02-GitServerTests */,
			);
		};
/* End PBXProject section */

/* Begin PBXResourcesBuildPhase section */
		85CE42541BC61FE900741B59 /* Resources */ = {
			isa = PBXResourcesBuildPhase;
			buildActionMask = 2147483647;
			files = (
				85CE42651BC61FE900741B59 /* Main.storyboard in Resources */,
				85CE426A1BC61FE900741B59 /* LaunchScreen.xib in Resources */,
				85CE42671BC61FE900741B59 /* Images.xcassets in Resources */,
			);
			runOnlyForDeploymentPostprocessing = 0;
		};
		85CE426D1BC61FE900741B59 /* Resources */ = {
			isa = PBXResourcesBuildPhase;
			buildActionMask = 2147483647;
			files = (
			);
			runOnlyForDeploymentPostprocessing = 0;
		};
/* End PBXResourcesBuildPhase section */

/* Begin PBXSourcesBuildPhase section */
		85CE42521BC61FE900741B59 /* Sources */ = {
			isa = PBXSourcesBuildPhase;
			buildActionMask = 2147483647;
			files = (
				85CE42621BC61FE900741B59 /* ViewController.m in Sources */,
				85CE425F1BC61FE900741B59 /* AppDelegate.m in Sources */,
				85CE425C1BC61FE900741B59 /* main.m in Sources */,
			);
			runOnlyForDeploymentPostprocessing = 0;
		};
		85CE426B1BC61FE900741B59 /* Sources */ = {
			isa = PBXSourcesBuildPhase;
			buildActionMask = 2147483647;
			files = (
				85CE42761BC61FE900741B59 /* Down02_GitServerTests.m in Sources */,
			);
			runOnlyForDeploymentPostprocessing = 0;
		};
/* End PBXSourcesBuildPhase section */

/* Begin PBXTargetDependency section */
		85CE42711BC61FE900741B59 /* PBXTargetDependency */ = {
			isa = PBXTargetDependency;
			target = 85CE42551BC61FE900741B59 /* Down02-GitServer */;
			targetProxy = 85CE42701BC61FE900741B59 /* PBXContainerItemProxy */;
		};
/* End PBXTargetDependency section */

/* Begin PBXVariantGroup section */
		85CE42631BC61FE900741B59 /* Main.storyboard */ = {
			isa = PBXVariantGroup;
			children = (
				85CE42641BC61FE900741B59 /* Base */,
			);
			name = Main.storyboard;
			sourceTree = "<group>";
		};
		85CE42681BC61FE900741B59 /* LaunchScreen.xib */ = {
			isa = PBXVariantGroup;
			children = (
				85CE42691BC61FE900741B59 /* Base */,
			);
			name = LaunchScreen.xib;
			sourceTree = "<group>";
		};
/* End PBXVariantGroup section */

/* Begin XCBuildConfiguration section */
		85CE42771BC61FE900741B59 /* Debug */ = {
			isa = XCBuildConfiguration;
			buildSettings = {
				ALWAYS_SEARCH_USER_PATHS = NO;
				CLANG_CXX_LANGUAGE_STANDARD = "gnu++0x";
				CLANG_CXX_LIBRARY = "libc++";
				CLANG_ENABLE_MODULES = YES;
				CLANG_ENABLE_OBJC_ARC = YES;
				CLANG_WARN_BOOL_CONVERSION = YES;
				CLANG_WARN_CONSTANT_CONVERSION = YES;
				CLANG_WARN_DIRECT_OBJC_ISA_USAGE = YES_ERROR;
				CLANG_WARN_EMPTY_BODY = YES;
				CLANG_WARN_ENUM_CONVERSION = YES;
				CLANG_WARN_INT_CONVERSION = YES;
				CLANG_WARN_OBJC_ROOT_CLASS = YES_ERROR;
				CLANG_WARN_UNREACHABLE_CODE = YES;
				CLANG_WARN__DUPLICATE_METHOD_MATCH = YES;
				"CODE_SIGN_IDENTITY[sdk=iphoneos*]" = "iPhone Developer";
				COPY_PHASE_STRIP = NO;
				DEBUG_INFORMATION_FORMAT = "dwarf-with-dsym";
				ENABLE_STRICT_OBJC_MSGSEND = YES;
				GCC_C_LANGUAGE_STANDARD = gnu99;
				GCC_DYNAMIC_NO_PIC = NO;
				GCC_NO_COMMON_BLOCKS = YES;
				GCC_OPTIMIZATION_LEVEL = 0;
				GCC_PREPROCESSOR_DEFINITIONS = (
					"DEBUG=1",
					"$(inherited)",
				);
				GCC_SYMBOLS_PRIVATE_EXTERN = NO;
				GCC_WARN_64_TO_32_BIT_CONVERSION = YES;
				GCC_WARN_ABOUT_RETURN_TYPE = YES_ERROR;
				GCC_WARN_UNDECLARED_SELECTOR = YES;
				GCC_WARN_UNINITIALIZED_AUTOS = YES_AGGRESSIVE;
				GCC_WARN_UNUSED_FUNCTION = YES;
				GCC_WARN_UNUSED_VARIABLE = YES;
				IPHONEOS_DEPLOYMENT_TARGET = 8.3;
				MTL_ENABLE_DEBUG_INFO = YES;
				ONLY_ACTIVE_ARCH = YES;
				SDKROOT = iphoneos;
			};
			name = Debug;
		};
		85CE42781BC61FE900741B59 /* Release */ = {
			isa = XCBuildConfiguration;
			buildSettings = {
				ALWAYS_SEARCH_USER_PATHS = NO;
				CLANG_CXX_LANGUAGE_STANDARD = "gnu++0x";
				CLANG_CXX_LIBRARY = "libc++";
				CLANG_ENABLE_MODULES = YES;
				CLANG_ENABLE_OBJC_ARC = YES;
				CLANG_WARN_BOOL_CONVERSION = YES;
				CLANG_WARN_CONSTANT_CONVERSION = YES;
				CLANG_WARN_DIRECT_OBJC_ISA_USAGE = YES_ERROR;
				CLANG_WARN_EMPTY_BODY = YES;
				CLANG_WARN_ENUM_CONVERSION = YES;
				CLANG_WARN_INT_CONVERSION = YES;
				CLANG_WARN_OBJC_ROOT_CLASS = YES_ERROR;
				CLANG_WARN_UNREACHABLE_CODE = YES;
				CLANG_WARN__DUPLICATE_METHOD_MATCH = YES;
				"CODE_SIGN_IDENTITY[sdk=iphoneos*]" = "iPhone Developer";
				COPY_PHASE_STRIP = NO;
				DEBUG_INFORMATION_FORMAT = "dwarf-with-dsym";
				ENABLE_NS_ASSERTIONS = NO;
				ENABLE_STRICT_OBJC_MSGSEND = YES;
				GCC_C_LANGUAGE_STANDARD = gnu99;
				GCC_NO_COMMON_BLOCKS = YES;
				GCC_WARN_64_TO_32_BIT_CONVERSION = YES;
				GCC_WARN_ABOUT_RETURN_TYPE = YES_ERROR;
				GCC_WARN_UNDECLARED_SELECTOR = YES;
				GCC_WARN_UNINITIALIZED_AUTOS = YES_AGGRESSIVE;
				GCC_WARN_UNUSED_FUNCTION = YES;
				GCC_WARN_UNUSED_VARIABLE = YES;
				IPHONEOS_DEPLOYMENT_TARGET = 8.3;
				MTL_ENABLE_DEBUG_INFO = NO;
				SDKROOT = iphoneos;
				VALIDATE_PRODUCT = YES;
			};
			name = Release;
		};
		85CE427A1BC61FE900741B59 /* Debug */ = {
			isa = XCBuildConfiguration;
			buildSettings = {
				ASSETCATALOG_COMPILER_APPICON_NAME = AppIcon;
				INFOPLIST_FILE = "Down02-GitServer/Info.plist";
				LD_RUNPATH_SEARCH_PATHS = "$(inherited) @executable_path/Frameworks";
				PRODUCT_NAME = "$(TARGET_NAME)";
			};
			name = Debug;
		};
		85CE427B1BC61FE900741B59 /* Release */ = {
			isa = XCBuildConfiguration;
			buildSettings = {
				ASSETCATALOG_COMPILER_APPICON_NAME = AppIcon;
				INFOPLIST_FILE = "Down02-GitServer/Info.plist";
				LD_RUNPATH_SEARCH_PATHS = "$(inherited) @executable_path/Frameworks";
				PRODUCT_NAME = "$(TARGET_NAME)";
			};
			name = Release;
		};
		85CE427D1BC61FE900741B59 /* Debug */ = {
			isa = XCBuildConfiguration;
			buildSettings = {
				BUNDLE_LOADER = "$(TEST_HOST)";
				FRAMEWORK_SEARCH_PATHS = (
					"$(SDKROOT)/Developer/Library/Frameworks",
					"$(inherited)",
				);
				GCC_PREPROCESSOR_DEFINITIONS = (
					"DEBUG=1",
					"$(inherited)",
				);
				INFOPLIST_FILE = "Down02-GitServerTests/Info.plist";
				LD_RUNPATH_SEARCH_PATHS = "$(inherited) @executable_path/Frameworks @loader_path/Frameworks";
				PRODUCT_NAME = "$(TARGET_NAME)";
				TEST_HOST = "$(BUILT_PRODUCTS_DIR)/Down02-GitServer.app/Down02-GitServer";
			};
			name = Debug;
		};
		85CE427E1BC61FE900741B59 /* Release */ = {
			isa = XCBuildConfiguration;
			buildSettings = {
				BUNDLE_LOADER = "$(TEST_HOST)";
				FRAMEWORK_SEARCH_PATHS = (
					"$(SDKROOT)/Developer/Library/Frameworks",
					"$(inherited)",
				);
				INFOPLIST_FILE = "Down02-GitServerTests/Info.plist";
				LD_RUNPATH_SEARCH_PATHS = "$(inherited) @executable_path/Frameworks @loader_path/Frameworks";
				PRODUCT_NAME = "$(TARGET_NAME)";
				TEST_HOST = "$(BUILT_PRODUCTS_DIR)/Down02-GitServer.app/Down02-GitServer";
			};
			name = Release;
		};
/* End XCBuildConfiguration section */

/* Begin XCConfigurationList section */
		85CE42511BC61FE800741B59 /* Build configuration list for PBXProject "Down02-GitServer" */ = {
			isa = XCConfigurationList;
			buildConfigurations = (
				85CE42771BC61FE900741B59 /* Debug */,
				85CE42781BC61FE900741B59 /* Release */,
			);
			defaultConfigurationIsVisible = 0;
			defaultConfigurationName = Release;
		};
		85CE42791BC61FE900741B59 /* Build configuration list for PBXNativeTarget "Down02-GitServer" */ = {
			isa = XCConfigurationList;
			buildConfigurations = (
				85CE427A1BC61FE900741B59 /* Debug */,
				85CE427B1BC61FE900741B59 /* Release */,
			);
			defaultConfigurationIsVisible = 0;
		};
		85CE427C1BC61FE900741B59 /* Build configuration list for PBXNativeTarget "Down02-GitServerTests" */ = {
			isa = XCConfigurationList;
			buildConfigurations = (
				85CE427D1BC61FE900741B59 /* Debug */,
				85CE427E1BC61FE900741B59 /* Release */,
			);
			defaultConfigurationIsVisible = 0;
		};
/* End XCConfigurationList section */
	};
	rootObject = 85CE424E1BC61FE800741B59 /* Project object */;
}
